github.com/gokrazy/internal v0.0.0-20200626090505-539bb61868de h1:sJ0qBKOIU1j3BLz6TIW3Y1Fg6hR/FZtGEonjkpfTMQQ=
github.com/gokrazy/internal v0.0.0-20200626090505-539bb61868de/go.mod h1:LA5TQy7LcvYGQOy75tkrYkFUhbV2nl5qEBP47PSi2JA=
golang.org/x/sys v0.0.0-20200406155108-e3b113bbe6a4/go.mod h1:h1NjWce9XRLGQEsW7wpKNCjG9DtNlClVuFLEZdDNbEs=
